github.com/valliammai-subramanian/coding-questions-in-golang/concatenate v0.0.0-20210613214757-9e3c81c2fb2d h1:WZwymz3g1Nh9MHCW+bYaXDWFe3DjVAdyVWnfmsrWFfE=
github.com/valliammai-subramanian/coding-questions-in-golang/concatenate v0.0.0-20210613214757-9e3c81c2fb2d/go.mod h1:SSqyRL/TL6dcytD/aHuhN4d7B15sHTGuubgKDUPrH7M=
